
Microsoft Visual Studio Solution File, Format Version 12.00
# Visual Studio Version 17
VisualStudioVersion = 17.10.35004.147
MinimumVisualStudioVersion = 10.0.40219.1
Project("{FAE04EC0-301F-11D3-BF4B-00C04F79EFBC}") = "Client", "Client\Client.csproj", "{4CC9AB29-5CB1-4982-8214-2ED4F9039524}"
EndProject
Project("{FAE04EC0-301F-11D3-BF4B-00C04F79EFBC}") = "Server", "Server\Server.csproj", "{96019811-C101-42F7-97C5-B840D6FBEF0D}"
EndProject
Global
	GlobalSection(SolutionConfigurationPlatforms) = preSolution
		Debug|Any CPU = Debug|Any CPU
		Release|Any CPU = Release|Any CPU
	EndGlobalSection
	GlobalSection(ProjectConfigurationPlatforms) = postSolution
		{4CC9AB29-5CB1-4982-8214-2ED4F9039524}.Debug|Any CPU.ActiveCfg = Debug|Any CPU
		{4CC9AB29-5CB1-4982-8214-2ED4F9039524}.Debug|Any CPU.Build.0 = Debug|Any CPU
		{4CC9AB29-5CB1-4982-8214-2ED4F9039524}.Release|Any CPU.ActiveCfg = Release|Any CPU
		{4CC9AB29-5CB1-4982-8214-2ED4F9039524}.Release|Any CPU.Build.0 = Release|Any CPU
		{96019811-C101-42F7-97C5-B840D6FBEF0D}.Debug|Any CPU.ActiveCfg = Debug|Any CPU
		{96019811-C101-42F7-97C5-B840D6FBEF0D}.Debug|Any CPU.Build.0 = Debug|Any CPU
		{96019811-C101-42F7-97C5-B840D6FBEF0D}.Release|Any CPU.ActiveCfg = Release|Any CPU
		{96019811-C101-42F7-97C5-B840D6FBEF0D}.Release|Any CPU.Build.0 = Release|Any CPU
	EndGlobalSection
	GlobalSection(SolutionProperties) = preSolution
		HideSolutionNode = FALSE
	EndGlobalSection
	GlobalSection(ExtensibilityGlobals) = postSolution
		SolutionGuid = {435C6379-F500-4945-9548-33566EEC1D44}
	EndGlobalSection
EndGlobal
